
Microsoft Visual Studio Solution File, Format Version 12.00
# Visual Studio Version 17
VisualStudioVersion = 17.9.34622.214
MinimumVisualStudioVersion = 10.0.40219.1
Project("{9A19103F-16F7-4668-BE54-9A1E7A4F7556}") = "Booky.API", "..\Booky.API\Booky.API.csproj", "{ED5D12C1-19BF-4679-8703-FCE9575F2D7A}"
EndProject
Project("{FAE04EC0-301F-11D3-BF4B-00C04F79EFBC}") = "Booky.Core", "Booky.Core\Booky.Core.csproj", "{61C0E376-3622-4A97-A794-C72923FBF59C}"
EndProject
Project("{FAE04EC0-301F-11D3-BF4B-00C04F79EFBC}") = "Booky.Repostiory", "Booky.Repostiory\Booky.Repostiory.csproj", "{4B18C5C5-0302-4246-8480-D57B969050E0}"
EndProject
Project("{FAE04EC0-301F-11D3-BF4B-00C04F79EFBC}") = "Booky.MVC", "Booky.MVC\Booky.MVC.csproj", "{EBFEBDB0-3C98-405B-BB11-8F21B9AC6C0E}"
EndProject
Project("{FAE04EC0-301F-11D3-BF4B-00C04F79EFBC}") = "Booky.Utility", "Estates.Utility\Booky.Utility.csproj", "{1799A8C7-8B2F-47CC-A982-44AB05FE1D29}"
EndProject
Global
	GlobalSection(SolutionConfigurationPlatforms) = preSolution
		Debug|Any CPU = Debug|Any CPU
		Release|Any CPU = Release|Any CPU
	EndGlobalSection
	GlobalSection(ProjectConfigurationPlatforms) = postSolution
		{ED5D12C1-19BF-4679-8703-FCE9575F2D7A}.Debug|Any CPU.ActiveCfg = Debug|Any CPU
		{ED5D12C1-19BF-4679-8703-FCE9575F2D7A}.Debug|Any CPU.Build.0 = Debug|Any CPU
		{ED5D12C1-19BF-4679-8703-FCE9575F2D7A}.Release|Any CPU.ActiveCfg = Release|Any CPU
		{ED5D12C1-19BF-4679-8703-FCE9575F2D7A}.Release|Any CPU.Build.0 = Release|Any CPU
		{61C0E376-3622-4A97-A794-C72923FBF59C}.Debug|Any CPU.ActiveCfg = Debug|Any CPU
		{61C0E376-3622-4A97-A794-C72923FBF59C}.Debug|Any CPU.Build.0 = Debug|Any CPU
		{61C0E376-3622-4A97-A794-C72923FBF59C}.Release|Any CPU.ActiveCfg = Release|Any CPU
		{61C0E376-3622-4A97-A794-C72923FBF59C}.Release|Any CPU.Build.0 = Release|Any CPU
		{4B18C5C5-0302-4246-8480-D57B969050E0}.Debug|Any CPU.ActiveCfg = Debug|Any CPU
		{4B18C5C5-0302-4246-8480-D57B969050E0}.Debug|Any CPU.Build.0 = Debug|Any CPU
		{4B18C5C5-0302-4246-8480-D57B969050E0}.Release|Any CPU.ActiveCfg = Release|Any CPU
		{4B18C5C5-0302-4246-8480-D57B969050E0}.Release|Any CPU.Build.0 = Release|Any CPU
		{EBFEBDB0-3C98-405B-BB11-8F21B9AC6C0E}.Debug|Any CPU.ActiveCfg = Debug|Any CPU
		{EBFEBDB0-3C98-405B-BB11-8F21B9AC6C0E}.Debug|Any CPU.Build.0 = Debug|Any CPU
		{EBFEBDB0-3C98-405B-BB11-8F21B9AC6C0E}.Release|Any CPU.ActiveCfg = Release|Any CPU
		{EBFEBDB0-3C98-405B-BB11-8F21B9AC6C0E}.Release|Any CPU.Build.0 = Release|Any CPU
		{1799A8C7-8B2F-47CC-A982-44AB05FE1D29}.Debug|Any CPU.ActiveCfg = Debug|Any CPU
		{1799A8C7-8B2F-47CC-A982-44AB05FE1D29}.Debug|Any CPU.Build.0 = Debug|Any CPU
		{1799A8C7-8B2F-47CC-A982-44AB05FE1D29}.Release|Any CPU.ActiveCfg = Release|Any CPU
		{1799A8C7-8B2F-47CC-A982-44AB05FE1D29}.Release|Any CPU.Build.0 = Release|Any CPU
	EndGlobalSection
	GlobalSection(SolutionProperties) = preSolution
		HideSolutionNode = FALSE
	EndGlobalSection
	GlobalSection(ExtensibilityGlobals) = postSolution
		SolutionGuid = {7A4B1453-6F9C-46F2-B53F-D3EB91911A4C}
	EndGlobalSection
EndGlobal
